// !$*UTF8*$!
{
	archiveVersion = 1;
	classes = {
	};
	objectVersion = 50;
	objects = {

/* Begin PBXBuildFile section */
		8DA688EE20976D1100D9F193 /* AppDelegate.swift in Sources */ = {isa = PBXBuildFile; fileRef = 8DA688ED20976D1100D9F193 /* AppDelegate.swift */; };
		8DA688F020976D1100D9F193 /* ViewController.swift in Sources */ = {isa = PBXBuildFile; fileRef = 8DA688EF20976D1100D9F193 /* ViewController.swift */; };
		8DA688F320976D1100D9F193 /* Main.storyboard in Resources */ = {isa = PBXBuildFile; fileRef = 8DA688F120976D1100D9F193 /* Main.storyboard */; };
		8DA688F620976D1100D9F193 /* FavoritePhotos.xcdatamodeld in Sources */ = {isa = PBXBuildFile; fileRef = 8DA688F420976D1100D9F193 /* FavoritePhotos.xcdatamodeld */; };
		8DA688F820976D1900D9F193 /* Assets.xcassets in Resources */ = {isa = PBXBuildFile; fileRef = 8DA688F720976D1900D9F193 /* Assets.xcassets */; };
		8DA688FB20976D1900D9F193 /* LaunchScreen.storyboard in Resources */ = {isa = PBXBuildFile; fileRef = 8DA688F920976D1900D9F193 /* LaunchScreen.storyboard */; };
		8DA6890320976E8F00D9F193 /* GoogleService-Info.plist in Resources */ = {isa = PBXBuildFile; fileRef = 8DA6890220976E8F00D9F193 /* GoogleService-Info.plist */; };
		D8776CD4F9D804AC470E5820 /* Pods_FavoritePhotos.framework in Frameworks */ = {isa = PBXBuildFile; fileRef = DC29EBA18474051865279B93 /* Pods_FavoritePhotos.framework */; };
/* End PBXBuildFile section */

/* Begin PBXFileReference section */
		39C3C7FEA599F78BB9FF7773 /* Pods-FavoritePhotos.release.xcconfig */ = {isa = PBXFileReference; includeInIndex = 1; lastKnownFileType = text.xcconfig; name = "Pods-FavoritePhotos.release.xcconfig"; path = "Pods/Target Support Files/Pods-FavoritePhotos/Pods-FavoritePhotos.release.xcconfig"; sourceTree = "<group>"; };
		8DA688EA20976D1100D9F193 /* FavoritePhotos.app */ = {isa = PBXFileReference; explicitFileType = wrapper.application; includeInIndex = 0; path = FavoritePhotos.app; sourceTree = BUILT_PRODUCTS_DIR; };
		8DA688ED20976D1100D9F193 /* AppDelegate.swift */ = {isa = PBXFileReference; lastKnownFileType = sourcecode.swift; path = AppDelegate.swift; sourceTree = "<group>"; };
		8DA688EF20976D1100D9F193 /* ViewController.swift */ = {isa = PBXFileReference; lastKnownFileType = sourcecode.swift; path = ViewController.swift; sourceTree = "<group>"; };
		8DA688F220976D1100D9F193 /* Base */ = {isa = PBXFileReference; lastKnownFileType = file.storyboard; name = Base; path = Base.lproj/Main.storyboard; sourceTree = "<group>"; };
		8DA688F520976D1100D9F193 /* FavoritePhotos.xcdatamodel */ = {isa = PBXFileReference; lastKnownFileType = wrapper.xcdatamodel; path = FavoritePhotos.xcdatamodel; sourceTree = "<group>"; };
		8DA688F720976D1900D9F193 /* Assets.xcassets */ = {isa = PBXFileReference; lastKnownFileType = folder.assetcatalog; path = Assets.xcassets; sourceTree = "<group>"; };
		8DA688FA20976D1900D9F193 /* Base */ = {isa = PBXFileReference; lastKnownFileType = file.storyboard; name = Base; path = Base.lproj/LaunchScreen.storyboard; sourceTree = "<group>"; };
		8DA688FC20976D1900D9F193 /* Info.plist */ = {isa = PBXFileReference; lastKnownFileType = text.plist.xml; path = Info.plist; sourceTree = "<group>"; };
		8DA6890220976E8F00D9F193 /* GoogleService-Info.plist */ = {isa = PBXFileReference; fileEncoding = 4; lastKnownFileType = text.plist.xml; path = "GoogleService-Info.plist"; sourceTree = "<group>"; };
		C09A61AD8235A16D68BD1B34 /* Pods-FavoritePhotos.debug.xcconfig */ = {isa = PBXFileReference; includeInIndex = 1; lastKnownFileType = text.xcconfig; name = "Pods-FavoritePhotos.debug.xcconfig"; path = "Pods/Target Support Files/Pods-FavoritePhotos/Pods-FavoritePhotos.debug.xcconfig"; sourceTree = "<group>"; };
		DC29EBA18474051865279B93 /* Pods_FavoritePhotos.framework */ = {isa = PBXFileReference; explicitFileType = wrapper.framework; includeInIndex = 0; path = Pods_FavoritePhotos.framework; sourceTree = BUILT_PRODUCTS_DIR; };
/* End PBXFileReference section */

/* Begin PBXFrameworksBuildPhase section */
		8DA688E720976D1100D9F193 /* Frameworks */ = {
			isa = PBXFrameworksBuildPhase;
			buildActionMask = 2147483647;
			files = (
				D8776CD4F9D804AC470E5820 /* Pods_FavoritePhotos.framework in Frameworks */,
			);
			runOnlyForDeploymentPostprocessing = 0;
		};
/* End PBXFrameworksBuildPhase section */

/* Begin PBXGroup section */
		35C367E2B19973A1CC1A5431 /* Pods */ = {
			isa = PBXGroup;
			children = (
				C09A61AD8235A16D68BD1B34 /* Pods-FavoritePhotos.debug.xcconfig */,
				39C3C7FEA599F78BB9FF7773 /* Pods-FavoritePhotos.release.xcconfig */,
			);
			name = Pods;
			sourceTree = "<group>";
		};
		5F0D9B5F6D1EF19EC4DEA54D /* Frameworks */ = {
			isa = PBXGroup;
			children = (
				DC29EBA18474051865279B93 /* Pods_FavoritePhotos.framework */,
			);
			name = Frameworks;
			sourceTree = "<group>";
		};
		8DA688E120976D1100D9F193 = {
			isa = PBXGroup;
			children = (
				8DA688EC20976D1100D9F193 /* FavoritePhotos */,
				8DA688EB20976D1100D9F193 /* Products */,
				35C367E2B19973A1CC1A5431 /* Pods */,
				5F0D9B5F6D1EF19EC4DEA54D /* Frameworks */,
			);
			sourceTree = "<group>";
		};
		8DA688EB20976D1100D9F193 /* Products */ = {
			isa = PBXGroup;
			children = (
				8DA688EA20976D1100D9F193 /* FavoritePhotos.app */,
			);
			name = Products;
			sourceTree = "<group>";
		};
		8DA688EC20976D1100D9F193 /* FavoritePhotos */ = {
			isa = PBXGroup;
			children = (
				8DA6890220976E8F00D9F193 /* GoogleService-Info.plist */,
				8DA688ED20976D1100D9F193 /* AppDelegate.swift */,
				8DA688EF20976D1100D9F193 /* ViewController.swift */,
				8DA688F120976D1100D9F193 /* Main.storyboard */,
				8DA688F720976D1900D9F193 /* Assets.xcassets */,
				8DA688F920976D1900D9F193 /* LaunchScreen.storyboard */,
				8DA688FC20976D1900D9F193 /* Info.plist */,
				8DA688F420976D1100D9F193 /* FavoritePhotos.xcdatamodeld */,
			);
			path = FavoritePhotos;
			sourceTree = "<group>";
		};
/* End PBXGroup section */

/* Begin PBXNativeTarget section */
		8DA688E920976D1100D9F193 /* FavoritePhotos */ = {
			isa = PBXNativeTarget;
			buildConfigurationList = 8DA688FF20976D1900D9F193 /* Build configuration list for PBXNativeTarget "FavoritePhotos" */;
			buildPhases = (
				A7B98DE5D1BB754D7BF0073D /* [CP] Check Pods Manifest.lock */,
				8DA688E620976D1100D9F193 /* Sources */,
				8DA688E720976D1100D9F193 /* Frameworks */,
				8DA688E820976D1100D9F193 /* Resources */,
				01BC32AD4D8D43C2C501EEF9 /* [CP] Embed Pods Frameworks */,
			);
			buildRules = (
			);
			dependencies = (
			);
			name = FavoritePhotos;
			productName = FavoritePhotos;
			productReference = 8DA688EA20976D1100D9F193 /* FavoritePhotos.app */;
			productType = "com.apple.product-type.application";
		};
/* End PBXNativeTarget section */

/* Begin PBXProject section */
		8DA688E220976D1100D9F193 /* Project object */ = {
			isa = PBXProject;
			attributes = {
				LastSwiftUpdateCheck = 0930;
				LastUpgradeCheck = 0930;
				ORGANIZATIONNAME = "Kiana Caston";
				TargetAttributes = {
					8DA688E920976D1100D9F193 = {
						CreatedOnToolsVersion = 9.3;
					};
				};
			};
			buildConfigurationList = 8DA688E520976D1100D9F193 /* Build configuration list for PBXProject "FavoritePhotos" */;
			compatibilityVersion = "Xcode 9.3";
			developmentRegion = en;
			hasScannedForEncodings = 0;
			knownRegions = (
				en,
				Base,
			);
			mainGroup = 8DA688E120976D1100D9F193;
			productRefGroup = 8DA688EB20976D1100D9F193 /* Products */;
			projectDirPath = "";
			projectRoot = "";
			targets = (
				8DA688E920976D1100D9F193 /* FavoritePhotos */,
			);
		};
/* End PBXProject section */

/* Begin PBXResourcesBuildPhase section */
		8DA688E820976D1100D9F193 /* Resources */ = {
			isa = PBXResourcesBuildPhase;
			buildActionMask = 2147483647;
			files = (
				8DA688FB20976D1900D9F193 /* LaunchScreen.storyboard in Resources */,
				8DA6890320976E8F00D9F193 /* GoogleService-Info.plist in Resources */,
				8DA688F820976D1900D9F193 /* Assets.xcassets in Resources */,
				8DA688F320976D1100D9F193 /* Main.storyboard in Resources */,
			);
			runOnlyForDeploymentPostprocessing = 0;
		};
/* End PBXResourcesBuildPhase section */

/* Begin PBXShellScriptBuildPhase section */
		01BC32AD4D8D43C2C501EEF9 /* [CP] Embed Pods Frameworks */ = {
			isa = PBXShellScriptBuildPhase;
			buildActionMask = 2147483647;
			files = (
			);
			inputPaths = (
				"${SRCROOT}/Pods/Target Support Files/Pods-FavoritePhotos/Pods-FavoritePhotos-frameworks.sh",
				"${BUILT_PRODUCTS_DIR}/BoringSSL/openssl.framework",
				"${BUILT_PRODUCTS_DIR}/GTMSessionFetcher/GTMSessionFetcher.framework",
				"${BUILT_PRODUCTS_DIR}/GoogleToolboxForMac/GoogleToolboxForMac.framework",
				"${BUILT_PRODUCTS_DIR}/Protobuf/Protobuf.framework",
				"${BUILT_PRODUCTS_DIR}/gRPC/GRPCClient.framework",
				"${BUILT_PRODUCTS_DIR}/gRPC-Core/grpc.framework",
				"${BUILT_PRODUCTS_DIR}/gRPC-ProtoRPC/ProtoRPC.framework",
				"${BUILT_PRODUCTS_DIR}/gRPC-RxLibrary/RxLibrary.framework",
				"${BUILT_PRODUCTS_DIR}/leveldb-library/leveldb.framework",
				"${BUILT_PRODUCTS_DIR}/nanopb/nanopb.framework",
			);
			name = "[CP] Embed Pods Frameworks";
			outputPaths = (
				"${TARGET_BUILD_DIR}/${FRAMEWORKS_FOLDER_PATH}/openssl.framework",
				"${TARGET_BUILD_DIR}/${FRAMEWORKS_FOLDER_PATH}/GTMSessionFetcher.framework",
				"${TARGET_BUILD_DIR}/${FRAMEWORKS_FOLDER_PATH}/GoogleToolboxForMac.framework",
				"${TARGET_BUILD_DIR}/${FRAMEWORKS_FOLDER_PATH}/Protobuf.framework",
				"${TARGET_BUILD_DIR}/${FRAMEWORKS_FOLDER_PATH}/GRPCClient.framework",
				"${TARGET_BUILD_DIR}/${FRAMEWORKS_FOLDER_PATH}/grpc.framework",
				"${TARGET_BUILD_DIR}/${FRAMEWORKS_FOLDER_PATH}/ProtoRPC.framework",
				"${TARGET_BUILD_DIR}/${FRAMEWORKS_FOLDER_PATH}/RxLibrary.framework",
				"${TARGET_BUILD_DIR}/${FRAMEWORKS_FOLDER_PATH}/leveldb.framework",
				"${TARGET_BUILD_DIR}/${FRAMEWORKS_FOLDER_PATH}/nanopb.framework",
			);
			runOnlyForDeploymentPostprocessing = 0;
			shellPath = /bin/sh;
			shellScript = "\"${SRCROOT}/Pods/Target Support Files/Pods-FavoritePhotos/Pods-FavoritePhotos-frameworks.sh\"\n";
			showEnvVarsInLog = 0;
		};
		A7B98DE5D1BB754D7BF0073D /* [CP] Check Pods Manifest.lock */ = {
			isa = PBXShellScriptBuildPhase;
			buildActionMask = 2147483647;
			files = (
			);
			inputPaths = (
				"${PODS_PODFILE_DIR_PATH}/Podfile.lock",
				"${PODS_ROOT}/Manifest.lock",
			);
			name = "[CP] Check Pods Manifest.lock";
			outputPaths = (
				"$(DERIVED_FILE_DIR)/Pods-FavoritePhotos-checkManifestLockResult.txt",
			);
			runOnlyForDeploymentPostprocessing = 0;
			shellPath = /bin/sh;
			shellScript = "diff \"${PODS_PODFILE_DIR_PATH}/Podfile.lock\" \"${PODS_ROOT}/Manifest.lock\" > /dev/null\nif [ $? != 0 ] ; then\n    # print error to STDERR\n    echo \"error: The sandbox is not in sync with the Podfile.lock. Run 'pod install' or update your CocoaPods installation.\" >&2\n    exit 1\nfi\n# This output is used by Xcode 'outputs' to avoid re-running this script phase.\necho \"SUCCESS\" > \"${SCRIPT_OUTPUT_FILE_0}\"\n";
			showEnvVarsInLog = 0;
		};
/* End PBXShellScriptBuildPhase section */

/* Begin PBXSourcesBuildPhase section */
		8DA688E620976D1100D9F193 /* Sources */ = {
			isa = PBXSourcesBuildPhase;
			buildActionMask = 2147483647;
			files = (
				8DA688F620976D1100D9F193 /* FavoritePhotos.xcdatamodeld in Sources */,
				8DA688F020976D1100D9F193 /* ViewController.swift in Sources */,
				8DA688EE20976D1100D9F193 /* AppDelegate.swift in Sources */,
			);
			runOnlyForDeploymentPostprocessing = 0;
		};
/* End PBXSourcesBuildPhase section */

/* Begin PBXVariantGroup section */
		8DA688F120976D1100D9F193 /* Main.storyboard */ = {
			isa = PBXVariantGroup;
			children = (
				8DA688F220976D1100D9F193 /* Base */,
			);
			name = Main.storyboard;
			sourceTree = "<group>";
		};
		8DA688F920976D1900D9F193 /* LaunchScreen.storyboard */ = {
			isa = PBXVariantGroup;
			children = (
				8DA688FA20976D1900D9F193 /* Base */,
			);
			name = LaunchScreen.storyboard;
			sourceTree = "<group>";
		};
/* End PBXVariantGroup section */

/* Begin XCBuildConfiguration section */
		8DA688FD20976D1900D9F193 /* Debug */ = {
			isa = XCBuildConfiguration;
			buildSettings = {
				ALWAYS_SEARCH_USER_PATHS = NO;
				CLANG_ANALYZER_NONNULL = YES;
				CLANG_ANALYZER_NUMBER_OBJECT_CONVERSION = YES_AGGRESSIVE;
				CLANG_CXX_LANGUAGE_STANDARD = "gnu++14";
				CLANG_CXX_LIBRARY = "libc++";
				CLANG_ENABLE_MODULES = YES;
				CLANG_ENABLE_OBJC_ARC = YES;
				CLANG_ENABLE_OBJC_WEAK = YES;
				CLANG_WARN_BLOCK_CAPTURE_AUTORELEASING = YES;
				CLANG_WARN_BOOL_CONVERSION = YES;
				CLANG_WARN_COMMA = YES;
				CLANG_WARN_CONSTANT_CONVERSION = YES;
				CLANG_WARN_DEPRECATED_OBJC_IMPLEMENTATIONS = YES;
				CLANG_WARN_DIRECT_OBJC_ISA_USAGE = YES_ERROR;
				CLANG_WARN_DOCUMENTATION_COMMENTS = YES;
				CLANG_WARN_EMPTY_BODY = YES;
				CLANG_WARN_ENUM_CONVERSION = YES;
				CLANG_WARN_INFINITE_RECURSION = YES;
				CLANG_WARN_INT_CONVERSION = YES;
				CLANG_WARN_NON_LITERAL_NULL_CONVERSION = YES;
				CLANG_WARN_OBJC_IMPLICIT_RETAIN_SELF = YES;
				CLANG_WARN_OBJC_LITERAL_CONVERSION = YES;
				CLANG_WARN_OBJC_ROOT_CLASS = YES_ERROR;
				CLANG_WARN_RANGE_LOOP_ANALYSIS = YES;
				CLANG_WARN_STRICT_PROTOTYPES = YES;
				CLANG_WARN_SUSPICIOUS_MOVE = YES;
				CLANG_WARN_UNGUARDED_AVAILABILITY = YES_AGGRESSIVE;
				CLANG_WARN_UNREACHABLE_CODE = YES;
				CLANG_WARN__DUPLICATE_METHOD_MATCH = YES;
				CODE_SIGN_IDENTITY = "iPhone Developer";
				COPY_PHASE_STRIP = NO;
				DEBUG_INFORMATION_FORMAT = dwarf;
				ENABLE_STRICT_OBJC_MSGSEND = YES;
				ENABLE_TESTABILITY = YES;
				GCC_C_LANGUAGE_STANDARD = gnu11;
				GCC_DYNAMIC_NO_PIC = NO;
				GCC_NO_COMMON_BLOCKS = YES;
				GCC_OPTIMIZATION_LEVEL = 0;
				GCC_PREPROCESSOR_DEFINITIONS = (
					"DEBUG=1",
					"$(inherited)",
				);
				GCC_WARN_64_TO_32_BIT_CONVERSION = YES;
				GCC_WARN_ABOUT_RETURN_TYPE = YES_ERROR;
				GCC_WARN_UNDECLARED_SELECTOR = YES;
				GCC_WARN_UNINITIALIZED_AUTOS = YES_AGGRESSIVE;
				GCC_WARN_UNUSED_FUNCTION = YES;
				GCC_WARN_UNUSED_VARIABLE = YES;
				IPHONEOS_DEPLOYMENT_TARGET = 11.3;
				MTL_ENABLE_DEBUG_INFO = YES;
				ONLY_ACTIVE_ARCH = YES;
				SDKROOT = iphoneos;
				SWIFT_ACTIVE_COMPILATION_CONDITIONS = DEBUG;
				SWIFT_OPTIMIZATION_LEVEL = "-Onone";
			};
			name = Debug;
		};
		8DA688FE20976D1900D9F193 /* Release */ = {
			isa = XCBuildConfiguration;
			buildSettings = {
				ALWAYS_SEARCH_USER_PATHS = NO;
				CLANG_ANALYZER_NONNULL = YES;
				CLANG_ANALYZER_NUMBER_OBJECT_CONVERSION = YES_AGGRESSIVE;
				CLANG_CXX_LANGUAGE_STANDARD = "gnu++14";
				CLANG_CXX_LIBRARY = "libc++";
				CLANG_ENABLE_MODULES = YES;
				CLANG_ENABLE_OBJC_ARC = YES;
				CLANG_ENABLE_OBJC_WEAK = YES;
				CLANG_WARN_BLOCK_CAPTURE_AUTORELEASING = YES;
				CLANG_WARN_BOOL_CONVERSION = YES;
				CLANG_WARN_COMMA = YES;
				CLANG_WARN_CONSTANT_CONVERSION = YES;
				CLANG_WARN_DEPRECATED_OBJC_IMPLEMENTATIONS = YES;
				CLANG_WARN_DIRECT_OBJC_ISA_USAGE = YES_ERROR;
				CLANG_WARN_DOCUMENTATION_COMMENTS = YES;
				CLANG_WARN_EMPTY_BODY = YES;
				CLANG_WARN_ENUM_CONVERSION = YES;
				CLANG_WARN_INFINITE_RECURSION = YES;
				CLANG_WARN_INT_CONVERSION = YES;
				CLANG_WARN_NON_LITERAL_NULL_CONVERSION = YES;
				CLANG_WARN_OBJC_IMPLICIT_RETAIN_SELF = YES;
				CLANG_WARN_OBJC_LITERAL_CONVERSION = YES;
				CLANG_WARN_OBJC_ROOT_CLASS = YES_ERROR;
				CLANG_WARN_RANGE_LOOP_ANALYSIS = YES;
				CLANG_WARN_STRICT_PROTOTYPES = YES;
				CLANG_WARN_SUSPICIOUS_MOVE = YES;
				CLANG_WARN_UNGUARDED_AVAILABILITY = YES_AGGRESSIVE;
				CLANG_WARN_UNREACHABLE_CODE = YES;
				CLANG_WARN__DUPLICATE_METHOD_MATCH = YES;
				CODE_SIGN_IDENTITY = "iPhone Developer";
				COPY_PHASE_STRIP = NO;
				DEBUG_INFORMATION_FORMAT = "dwarf-with-dsym";
				ENABLE_NS_ASSERTIONS = NO;
				ENABLE_STRICT_OBJC_MSGSEND = YES;
				GCC_C_LANGUAGE_STANDARD = gnu11;
				GCC_NO_COMMON_BLOCKS = YES;
				GCC_WARN_64_TO_32_BIT_CONVERSION = YES;
				GCC_WARN_ABOUT_RETURN_TYPE = YES_ERROR;
				GCC_WARN_UNDECLARED_SELECTOR = YES;
				GCC_WARN_UNINITIALIZED_AUTOS = YES_AGGRESSIVE;
				GCC_WARN_UNUSED_FUNCTION = YES;
				GCC_WARN_UNUSED_VARIABLE = YES;
				IPHONEOS_DEPLOYMENT_TARGET = 11.3;
				MTL_ENABLE_DEBUG_INFO = NO;
				SDKROOT = iphoneos;
				SWIFT_COMPILATION_MODE = wholemodule;
				SWIFT_OPTIMIZATION_LEVEL = "-O";
				VALIDATE_PRODUCT = YES;
			};
			name = Release;
		};
		8DA6890020976D1900D9F193 /* Debug */ = {
			isa = XCBuildConfiguration;
			baseConfigurationReference = C09A61AD8235A16D68BD1B34 /* Pods-FavoritePhotos.debug.xcconfig */;
			buildSettings = {
				ASSETCATALOG_COMPILER_APPICON_NAME = AppIcon;
				CODE_SIGN_STYLE = Automatic;
				INFOPLIST_FILE = FavoritePhotos/Info.plist;
				LD_RUNPATH_SEARCH_PATHS = "$(inherited) @executable_path/Frameworks";
				PRODUCT_BUNDLE_IDENTIFIER = edu.rosehulman.castonkr.FavoritePhotos;
				PRODUCT_NAME = "$(TARGET_NAME)";
				SWIFT_VERSION = 4.0;
				TARGETED_DEVICE_FAMILY = "1,2";
			};
			name = Debug;
		};
		8DA6890120976D1900D9F193 /* Release */ = {
			isa = XCBuildConfiguration;
			baseConfigurationReference = 39C3C7FEA599F78BB9FF7773 /* Pods-FavoritePhotos.release.xcconfig */;
			buildSettings = {
				ASSETCATALOG_COMPILER_APPICON_NAME = AppIcon;
				CODE_SIGN_STYLE = Automatic;
				INFOPLIST_FILE = FavoritePhotos/Info.plist;
				LD_RUNPATH_SEARCH_PATHS = "$(inherited) @executable_path/Frameworks";
				PRODUCT_BUNDLE_IDENTIFIER = edu.rosehulman.castonkr.FavoritePhotos;
				PRODUCT_NAME = "$(TARGET_NAME)";
				SWIFT_VERSION = 4.0;
				TARGETED_DEVICE_FAMILY = "1,2";
			};
			name = Release;
		};
/* End XCBuildConfiguration section */

/* Begin XCConfigurationList section */
		8DA688E520976D1100D9F193 /* Build configuration list for PBXProject "FavoritePhotos" */ = {
			isa = XCConfigurationList;
			buildConfigurations = (
				8DA688FD20976D1900D9F193 /* Debug */,
				8DA688FE20976D1900D9F193 /* Release */,
			);
			defaultConfigurationIsVisible = 0;
			defaultConfigurationName = Release;
		};
		8DA688FF20976D1900D9F193 /* Build configuration list for PBXNativeTarget "FavoritePhotos" */ = {
			isa = XCConfigurationList;
			buildConfigurations = (
				8DA6890020976D1900D9F193 /* Debug */,
				8DA6890120976D1900D9F193 /* Release */,
			);
			defaultConfigurationIsVisible = 0;
			defaultConfigurationName = Release;
		};
/* End XCConfigurationList section */

/* Begin XCVersionGroup section */
		8DA688F420976D1100D9F193 /* FavoritePhotos.xcdatamodeld */ = {
			isa = XCVersionGroup;
			children = (
				8DA688F520976D1100D9F193 /* FavoritePhotos.xcdatamodel */,
			);
			currentVersion = 8DA688F520976D1100D9F193 /* FavoritePhotos.xcdatamodel */;
			path = FavoritePhotos.xcdatamodeld;
			sourceTree = "<group>";
			versionGroupType = wrapper.xcdatamodel;
		};
/* End XCVersionGroup section */
	};
	rootObject = 8DA688E220976D1100D9F193 /* Project object */;
}
